
Microsoft Visual Studio Solution File, Format Version 12.00
# Visual Studio Version 17
VisualStudioVersion = 17.1.32328.378
MinimumVisualStudioVersion = 10.0.40219.1
Project("{9A19103F-16F7-4668-BE54-9A1E7A4F7556}") = "AdvancedTraining", "AdvancedTraining\AdvancedTraining.csproj", "{1B528C2D-C5BD-452F-BA89-16F5C98E8F5A}"
EndProject
Project("{9A19103F-16F7-4668-BE54-9A1E7A4F7556}") = "BatchTraining", "BatchTraining\BatchTraining.csproj", "{897378D7-285A-4A52-9E3D-3DC755BBED44}"
EndProject
Project("{FAE04EC0-301F-11D3-BF4B-00C04F79EFBC}") = "DeepNetwork", "DeepNetwork\DeepNetwork.csproj", "{98B175A9-84D4-47EA-8F02-A86E6903C81E}"
EndProject
Global
	GlobalSection(SolutionConfigurationPlatforms) = preSolution
		Debug|Any CPU = Debug|Any CPU
		Debug|x64 = Debug|x64
		Release|Any CPU = Release|Any CPU
		Release|x64 = Release|x64
	EndGlobalSection
	GlobalSection(ProjectConfigurationPlatforms) = postSolution
		{1B528C2D-C5BD-452F-BA89-16F5C98E8F5A}.Debug|Any CPU.ActiveCfg = Debug|Any CPU
		{1B528C2D-C5BD-452F-BA89-16F5C98E8F5A}.Debug|Any CPU.Build.0 = Debug|Any CPU
		{1B528C2D-C5BD-452F-BA89-16F5C98E8F5A}.Debug|x64.ActiveCfg = Debug|x64
		{1B528C2D-C5BD-452F-BA89-16F5C98E8F5A}.Debug|x64.Build.0 = Debug|x64
		{1B528C2D-C5BD-452F-BA89-16F5C98E8F5A}.Release|Any CPU.ActiveCfg = Release|Any CPU
		{1B528C2D-C5BD-452F-BA89-16F5C98E8F5A}.Release|Any CPU.Build.0 = Release|Any CPU
		{1B528C2D-C5BD-452F-BA89-16F5C98E8F5A}.Release|x64.ActiveCfg = Release|x64
		{1B528C2D-C5BD-452F-BA89-16F5C98E8F5A}.Release|x64.Build.0 = Release|x64
		{897378D7-285A-4A52-9E3D-3DC755BBED44}.Debug|Any CPU.ActiveCfg = Debug|Any CPU
		{897378D7-285A-4A52-9E3D-3DC755BBED44}.Debug|Any CPU.Build.0 = Debug|Any CPU
		{897378D7-285A-4A52-9E3D-3DC755BBED44}.Debug|x64.ActiveCfg = Debug|x64
		{897378D7-285A-4A52-9E3D-3DC755BBED44}.Debug|x64.Build.0 = Debug|x64
		{897378D7-285A-4A52-9E3D-3DC755BBED44}.Release|Any CPU.ActiveCfg = Release|Any CPU
		{897378D7-285A-4A52-9E3D-3DC755BBED44}.Release|Any CPU.Build.0 = Release|Any CPU
		{897378D7-285A-4A52-9E3D-3DC755BBED44}.Release|x64.ActiveCfg = Release|Any CPU
		{897378D7-285A-4A52-9E3D-3DC755BBED44}.Release|x64.Build.0 = Release|Any CPU
		{98B175A9-84D4-47EA-8F02-A86E6903C81E}.Debug|Any CPU.ActiveCfg = Debug|Any CPU
		{98B175A9-84D4-47EA-8F02-A86E6903C81E}.Debug|Any CPU.Build.0 = Debug|Any CPU
		{98B175A9-84D4-47EA-8F02-A86E6903C81E}.Debug|x64.ActiveCfg = Debug|x64
		{98B175A9-84D4-47EA-8F02-A86E6903C81E}.Debug|x64.Build.0 = Debug|x64
		{98B175A9-84D4-47EA-8F02-A86E6903C81E}.Release|Any CPU.ActiveCfg = Release|Any CPU
		{98B175A9-84D4-47EA-8F02-A86E6903C81E}.Release|Any CPU.Build.0 = Release|Any CPU
		{98B175A9-84D4-47EA-8F02-A86E6903C81E}.Release|x64.ActiveCfg = Release|Any CPU
		{98B175A9-84D4-47EA-8F02-A86E6903C81E}.Release|x64.Build.0 = Release|Any CPU
	EndGlobalSection
	GlobalSection(SolutionProperties) = preSolution
		HideSolutionNode = FALSE
	EndGlobalSection
	GlobalSection(ExtensibilityGlobals) = postSolution
		SolutionGuid = {9D44665B-FC52-410A-8D99-4DD7510E08B8}
	EndGlobalSection
EndGlobal
